
Microsoft Visual Studio Solution File, Format Version 12.00
# Visual Studio Version 17
VisualStudioVersion = 17.7.34202.233
MinimumVisualStudioVersion = 10.0.40219.1
Project("{9A19103F-16F7-4668-BE54-9A1E7A4F7556}") = "MikrotikUserMonitoring", "MikrotikUserMonitoring.csproj", "{7E43A060-4F64-4C50-B12B-B52109A72223}"
EndProject
Global
	GlobalSection(SolutionConfigurationPlatforms) = preSolution
		Debug|Any CPU = Debug|Any CPU
		Release|Any CPU = Release|Any CPU
	EndGlobalSection
	GlobalSection(ProjectConfigurationPlatforms) = postSolution
		{7E43A060-4F64-4C50-B12B-B52109A72223}.Debug|Any CPU.ActiveCfg = Debug|Any CPU
		{7E43A060-4F64-4C50-B12B-B52109A72223}.Debug|Any CPU.Build.0 = Debug|Any CPU
		{7E43A060-4F64-4C50-B12B-B52109A72223}.Release|Any CPU.ActiveCfg = Release|Any CPU
		{7E43A060-4F64-4C50-B12B-B52109A72223}.Release|Any CPU.Build.0 = Release|Any CPU
	EndGlobalSection
	GlobalSection(SolutionProperties) = preSolution
		HideSolutionNode = FALSE
	EndGlobalSection
	GlobalSection(ExtensibilityGlobals) = postSolution
		SolutionGuid = {BB1EC2C7-F7E6-47A6-8165-8A23DD5C6C5C}
	EndGlobalSection
EndGlobal
